// !$*UTF8*$!
{
	archiveVersion = 1;
	classes = {
	};
	objectVersion = 48;
	objects = {

/* Begin PBXBuildFile section */
		359ADEE61FD3B26A00C37910 /* AppDelegate.swift in Sources */ = {isa = PBXBuildFile; fileRef = 359ADEE51FD3B26A00C37910 /* AppDelegate.swift */; };
		359ADEE81FD3B26A00C37910 /* Assets.xcassets in Resources */ = {isa = PBXBuildFile; fileRef = 359ADEE71FD3B26A00C37910 /* Assets.xcassets */; };
		359ADEEB1FD3B26A00C37910 /* MainMenu.xib in Resources */ = {isa = PBXBuildFile; fileRef = 359ADEE91FD3B26A00C37910 /* MainMenu.xib */; };
		359ADEFA1FD3B27E00C37910 /* Cocoa.framework in Frameworks */ = {isa = PBXBuildFile; fileRef = 359ADEF91FD3B27E00C37910 /* Cocoa.framework */; };
		359ADEFD1FD3B27E00C37910 /* SourceEditorExtension.swift in Sources */ = {isa = PBXBuildFile; fileRef = 359ADEFC1FD3B27E00C37910 /* SourceEditorExtension.swift */; };
		359ADF041FD3B27E00C37910 /* YCPlugin.appex in Embed App Extensions */ = {isa = PBXBuildFile; fileRef = 359ADEF71FD3B27E00C37910 /* YCPlugin.appex */; settings = {ATTRIBUTES = (RemoveHeadersOnCopy, ); }; };
		359ADF0B1FD3B2A900C37910 /* DeleteSelections.swift in Sources */ = {isa = PBXBuildFile; fileRef = 359ADF091FD3B2A800C37910 /* DeleteSelections.swift */; };
		359ADF0C1FD3B2A900C37910 /* ImportHeader.swift in Sources */ = {isa = PBXBuildFile; fileRef = 359ADF0A1FD3B2A800C37910 /* ImportHeader.swift */; };
/* End PBXBuildFile section */

/* Begin PBXContainerItemProxy section */
		359ADF021FD3B27E00C37910 /* PBXContainerItemProxy */ = {
			isa = PBXContainerItemProxy;
			containerPortal = 359ADEDA1FD3B26A00C37910 /* Project object */;
			proxyType = 1;
			remoteGlobalIDString = 359ADEF61FD3B27E00C37910;
			remoteInfo = YCPlugin;
		};
/* End PBXContainerItemProxy section */

/* Begin PBXCopyFilesBuildPhase section */
		359ADF081FD3B27E00C37910 /* Embed App Extensions */ = {
			isa = PBXCopyFilesBuildPhase;
			buildActionMask = 2147483647;
			dstPath = "";
			dstSubfolderSpec = 13;
			files = (
				359ADF041FD3B27E00C37910 /* YCPlugin.appex in Embed App Extensions */,
			);
			name = "Embed App Extensions";
			runOnlyForDeploymentPostprocessing = 0;
		};
/* End PBXCopyFilesBuildPhase section */

/* Begin PBXFileReference section */
		359ADEE21FD3B26A00C37910 /* YCXcodePlugin.app */ = {isa = PBXFileReference; explicitFileType = wrapper.application; includeInIndex = 0; path = YCXcodePlugin.app; sourceTree = BUILT_PRODUCTS_DIR; };
		359ADEE51FD3B26A00C37910 /* AppDelegate.swift */ = {isa = PBXFileReference; lastKnownFileType = sourcecode.swift; path = AppDelegate.swift; sourceTree = "<group>"; };
		359ADEE71FD3B26A00C37910 /* Assets.xcassets */ = {isa = PBXFileReference; lastKnownFileType = folder.assetcatalog; path = Assets.xcassets; sourceTree = "<group>"; };
		359ADEEA1FD3B26A00C37910 /* Base */ = {isa = PBXFileReference; lastKnownFileType = file.xib; name = Base; path = Base.lproj/MainMenu.xib; sourceTree = "<group>"; };
		359ADEEC1FD3B26A00C37910 /* Info.plist */ = {isa = PBXFileReference; lastKnownFileType = text.plist.xml; path = Info.plist; sourceTree = "<group>"; };
		359ADEED1FD3B26A00C37910 /* YCXcodePlugin.entitlements */ = {isa = PBXFileReference; lastKnownFileType = text.plist.entitlements; path = YCXcodePlugin.entitlements; sourceTree = "<group>"; };
		359ADEF71FD3B27E00C37910 /* YCPlugin.appex */ = {isa = PBXFileReference; explicitFileType = "wrapper.app-extension"; includeInIndex = 0; path = YCPlugin.appex; sourceTree = BUILT_PRODUCTS_DIR; };
		359ADEF91FD3B27E00C37910 /* Cocoa.framework */ = {isa = PBXFileReference; lastKnownFileType = wrapper.framework; name = Cocoa.framework; path = System/Library/Frameworks/Cocoa.framework; sourceTree = SDKROOT; };
		359ADEFC1FD3B27E00C37910 /* SourceEditorExtension.swift */ = {isa = PBXFileReference; lastKnownFileType = sourcecode.swift; path = SourceEditorExtension.swift; sourceTree = "<group>"; };
		359ADF001FD3B27E00C37910 /* Info.plist */ = {isa = PBXFileReference; lastKnownFileType = text.plist.xml; path = Info.plist; sourceTree = "<group>"; };
		359ADF011FD3B27E00C37910 /* YCPlugin.entitlements */ = {isa = PBXFileReference; lastKnownFileType = text.plist.entitlements; path = YCPlugin.entitlements; sourceTree = "<group>"; };
		359ADF091FD3B2A800C37910 /* DeleteSelections.swift */ = {isa = PBXFileReference; lastKnownFileType = sourcecode.swift; path = DeleteSelections.swift; sourceTree = "<group>"; };
		359ADF0A1FD3B2A800C37910 /* ImportHeader.swift */ = {isa = PBXFileReference; lastKnownFileType = sourcecode.swift; path = ImportHeader.swift; sourceTree = "<group>"; };
/* End PBXFileReference section */

/* Begin PBXFrameworksBuildPhase section */
		359ADEDF1FD3B26A00C37910 /* Frameworks */ = {
			isa = PBXFrameworksBuildPhase;
			buildActionMask = 2147483647;
			files = (
			);
			runOnlyForDeploymentPostprocessing = 0;
		};
		359ADEF41FD3B27E00C37910 /* Frameworks */ = {
			isa = PBXFrameworksBuildPhase;
			buildActionMask = 2147483647;
			files = (
				359ADEFA1FD3B27E00C37910 /* Cocoa.framework in Frameworks */,
			);
			runOnlyForDeploymentPostprocessing = 0;
		};
/* End PBXFrameworksBuildPhase section */

/* Begin PBXGroup section */
		359ADED91FD3B26A00C37910 = {
			isa = PBXGroup;
			children = (
				359ADEE41FD3B26A00C37910 /* YCXcodePlugin */,
				359ADEFB1FD3B27E00C37910 /* YCPlugin */,
				359ADEF81FD3B27E00C37910 /* Frameworks */,
				359ADEE31FD3B26A00C37910 /* Products */,
			);
			sourceTree = "<group>";
		};
		359ADEE31FD3B26A00C37910 /* Products */ = {
			isa = PBXGroup;
			children = (
				359ADEE21FD3B26A00C37910 /* YCXcodePlugin.app */,
				359ADEF71FD3B27E00C37910 /* YCPlugin.appex */,
			);
			name = Products;
			sourceTree = "<group>";
		};
		359ADEE41FD3B26A00C37910 /* YCXcodePlugin */ = {
			isa = PBXGroup;
			children = (
				359ADEE51FD3B26A00C37910 /* AppDelegate.swift */,
				359ADEE71FD3B26A00C37910 /* Assets.xcassets */,
				359ADEE91FD3B26A00C37910 /* MainMenu.xib */,
				359ADEEC1FD3B26A00C37910 /* Info.plist */,
				359ADEED1FD3B26A00C37910 /* YCXcodePlugin.entitlements */,
			);
			path = YCXcodePlugin;
			sourceTree = "<group>";
		};
		359ADEF81FD3B27E00C37910 /* Frameworks */ = {
			isa = PBXGroup;
			children = (
				359ADEF91FD3B27E00C37910 /* Cocoa.framework */,
			);
			name = Frameworks;
			sourceTree = "<group>";
		};
		359ADEFB1FD3B27E00C37910 /* YCPlugin */ = {
			isa = PBXGroup;
			children = (
				359ADF0E1FD3B2D000C37910 /* Class */,
				359ADF001FD3B27E00C37910 /* Info.plist */,
				359ADF011FD3B27E00C37910 /* YCPlugin.entitlements */,
			);
			path = YCPlugin;
			sourceTree = "<group>";
		};
		359ADF0E1FD3B2D000C37910 /* Class */ = {
			isa = PBXGroup;
			children = (
				359ADF091FD3B2A800C37910 /* DeleteSelections.swift */,
				359ADF0A1FD3B2A800C37910 /* ImportHeader.swift */,
				359ADEFC1FD3B27E00C37910 /* SourceEditorExtension.swift */,
			);
			path = Class;
			sourceTree = "<group>";
		};
/* End PBXGroup section */

/* Begin PBXNativeTarget section */
		359ADEE11FD3B26A00C37910 /* YCXcodePlugin */ = {
			isa = PBXNativeTarget;
			buildConfigurationList = 359ADEF01FD3B26A00C37910 /* Build configuration list for PBXNativeTarget "YCXcodePlugin" */;
			buildPhases = (
				359ADEDE1FD3B26A00C37910 /* Sources */,
				359ADEDF1FD3B26A00C37910 /* Frameworks */,
				359ADEE01FD3B26A00C37910 /* Resources */,
				359ADF081FD3B27E00C37910 /* Embed App Extensions */,
			);
			buildRules = (
			);
			dependencies = (
				359ADF031FD3B27E00C37910 /* PBXTargetDependency */,
			);
			name = YCXcodePlugin;
			productName = YCXcodePlugin;
			productReference = 359ADEE21FD3B26A00C37910 /* YCXcodePlugin.app */;
			productType = "com.apple.product-type.application";
		};
		359ADEF61FD3B27E00C37910 /* YCPlugin */ = {
			isa = PBXNativeTarget;
			buildConfigurationList = 359ADF051FD3B27E00C37910 /* Build configuration list for PBXNativeTarget "YCPlugin" */;
			buildPhases = (
				359ADEF31FD3B27E00C37910 /* Sources */,
				359ADEF41FD3B27E00C37910 /* Frameworks */,
				359ADEF51FD3B27E00C37910 /* Resources */,
			);
			buildRules = (
			);
			dependencies = (
			);
			name = YCPlugin;
			productName = YCPlugin;
			productReference = 359ADEF71FD3B27E00C37910 /* YCPlugin.appex */;
			productType = "com.apple.product-type.xcode-extension";
		};
/* End PBXNativeTarget section */

/* Begin PBXProject section */
		359ADEDA1FD3B26A00C37910 /* Project object */ = {
			isa = PBXProject;
			attributes = {
				LastSwiftUpdateCheck = 0900;
				LastUpgradeCheck = 0900;
				ORGANIZATIONNAME = cc.onezen;
				TargetAttributes = {
					359ADEE11FD3B26A00C37910 = {
						CreatedOnToolsVersion = 9.0;
						ProvisioningStyle = Automatic;
					};
					359ADEF61FD3B27E00C37910 = {
						CreatedOnToolsVersion = 9.0;
						ProvisioningStyle = Automatic;
					};
				};
			};
			buildConfigurationList = 359ADEDD1FD3B26A00C37910 /* Build configuration list for PBXProject "YCXcodePlugin" */;
			compatibilityVersion = "Xcode 8.0";
			developmentRegion = en;
			hasScannedForEncodings = 0;
			knownRegions = (
				en,
				Base,
			);
			mainGroup = 359ADED91FD3B26A00C37910;
			productRefGroup = 359ADEE31FD3B26A00C37910 /* Products */;
			projectDirPath = "";
			projectRoot = "";
			targets = (
				359ADEE11FD3B26A00C37910 /* YCXcodePlugin */,
				359ADEF61FD3B27E00C37910 /* YCPlugin */,
			);
		};
/* End PBXProject section */

/* Begin PBXResourcesBuildPhase section */
		359ADEE01FD3B26A00C37910 /* Resources */ = {
			isa = PBXResourcesBuildPhase;
			buildActionMask = 2147483647;
			files = (
				359ADEE81FD3B26A00C37910 /* Assets.xcassets in Resources */,
				359ADEEB1FD3B26A00C37910 /* MainMenu.xib in Resources */,
			);
			runOnlyForDeploymentPostprocessing = 0;
		};
		359ADEF51FD3B27E00C37910 /* Resources */ = {
			isa = PBXResourcesBuildPhase;
			buildActionMask = 2147483647;
			files = (
			);
			runOnlyForDeploymentPostprocessing = 0;
		};
/* End PBXResourcesBuildPhase section */

/* Begin PBXSourcesBuildPhase section */
		359ADEDE1FD3B26A00C37910 /* Sources */ = {
			isa = PBXSourcesBuildPhase;
			buildActionMask = 2147483647;
			files = (
				359ADEE61FD3B26A00C37910 /* AppDelegate.swift in Sources */,
			);
			runOnlyForDeploymentPostprocessing = 0;
		};
		359ADEF31FD3B27E00C37910 /* Sources */ = {
			isa = PBXSourcesBuildPhase;
			buildActionMask = 2147483647;
			files = (
				359ADEFD1FD3B27E00C37910 /* SourceEditorExtension.swift in Sources */,
				359ADF0C1FD3B2A900C37910 /* ImportHeader.swift in Sources */,
				359ADF0B1FD3B2A900C37910 /* DeleteSelections.swift in Sources */,
			);
			runOnlyForDeploymentPostprocessing = 0;
		};
/* End PBXSourcesBuildPhase section */

/* Begin PBXTargetDependency section */
		359ADF031FD3B27E00C37910 /* PBXTargetDependency */ = {
			isa = PBXTargetDependency;
			target = 359ADEF61FD3B27E00C37910 /* YCPlugin */;
			targetProxy = 359ADF021FD3B27E00C37910 /* PBXContainerItemProxy */;
		};
/* End PBXTargetDependency section */

/* Begin PBXVariantGroup section */
		359ADEE91FD3B26A00C37910 /* MainMenu.xib */ = {
			isa = PBXVariantGroup;
			children = (
				359ADEEA1FD3B26A00C37910 /* Base */,
			);
			name = MainMenu.xib;
			sourceTree = "<group>";
		};
/* End PBXVariantGroup section */

/* Begin XCBuildConfiguration section */
		359ADEEE1FD3B26A00C37910 /* Debug */ = {
			isa = XCBuildConfiguration;
			buildSettings = {
				ALWAYS_SEARCH_USER_PATHS = NO;
				CLANG_ANALYZER_NONNULL = YES;
				CLANG_ANALYZER_NUMBER_OBJECT_CONVERSION = YES_AGGRESSIVE;
				CLANG_CXX_LANGUAGE_STANDARD = "gnu++14";
				CLANG_CXX_LIBRARY = "libc++";
				CLANG_ENABLE_MODULES = YES;
				CLANG_ENABLE_OBJC_ARC = YES;
				CLANG_WARN_BLOCK_CAPTURE_AUTORELEASING = YES;
				CLANG_WARN_BOOL_CONVERSION = YES;
				CLANG_WARN_COMMA = YES;
				CLANG_WARN_CONSTANT_CONVERSION = YES;
				CLANG_WARN_DIRECT_OBJC_ISA_USAGE = YES_ERROR;
				CLANG_WARN_DOCUMENTATION_COMMENTS = YES;
				CLANG_WARN_EMPTY_BODY = YES;
				CLANG_WARN_ENUM_CONVERSION = YES;
				CLANG_WARN_INFINITE_RECURSION = YES;
				CLANG_WARN_INT_CONVERSION = YES;
				CLANG_WARN_NON_LITERAL_NULL_CONVERSION = YES;
				CLANG_WARN_OBJC_LITERAL_CONVERSION = YES;
				CLANG_WARN_OBJC_ROOT_CLASS = YES_ERROR;
				CLANG_WARN_RANGE_LOOP_ANALYSIS = YES;
				CLANG_WARN_STRICT_PROTOTYPES = YES;
				CLANG_WARN_SUSPICIOUS_MOVE = YES;
				CLANG_WARN_UNGUARDED_AVAILABILITY = YES_AGGRESSIVE;
				CLANG_WARN_UNREACHABLE_CODE = YES;
				CLANG_WARN__DUPLICATE_METHOD_MATCH = YES;
				CODE_SIGN_IDENTITY = "Mac Developer";
				COPY_PHASE_STRIP = NO;
				DEBUG_INFORMATION_FORMAT = dwarf;
				ENABLE_STRICT_OBJC_MSGSEND = YES;
				ENABLE_TESTABILITY = YES;
				GCC_C_LANGUAGE_STANDARD = gnu11;
				GCC_DYNAMIC_NO_PIC = NO;
				GCC_NO_COMMON_BLOCKS = YES;
				GCC_OPTIMIZATION_LEVEL = 0;
				GCC_PREPROCESSOR_DEFINITIONS = (
					"DEBUG=1",
					"$(inherited)",
				);
				GCC_WARN_64_TO_32_BIT_CONVERSION = YES;
				GCC_WARN_ABOUT_RETURN_TYPE = YES_ERROR;
				GCC_WARN_UNDECLARED_SELECTOR = YES;
				GCC_WARN_UNINITIALIZED_AUTOS = YES_AGGRESSIVE;
				GCC_WARN_UNUSED_FUNCTION = YES;
				GCC_WARN_UNUSED_VARIABLE = YES;
				MACOSX_DEPLOYMENT_TARGET = 10.12;
				MTL_ENABLE_DEBUG_INFO = YES;
				ONLY_ACTIVE_ARCH = YES;
				SDKROOT = macosx;
				SWIFT_ACTIVE_COMPILATION_CONDITIONS = DEBUG;
				SWIFT_OPTIMIZATION_LEVEL = "-Onone";
			};
			name = Debug;
		};
		359ADEEF1FD3B26A00C37910 /* Release */ = {
			isa = XCBuildConfiguration;
			buildSettings = {
				ALWAYS_SEARCH_USER_PATHS = NO;
				CLANG_ANALYZER_NONNULL = YES;
				CLANG_ANALYZER_NUMBER_OBJECT_CONVERSION = YES_AGGRESSIVE;
				CLANG_CXX_LANGUAGE_STANDARD = "gnu++14";
				CLANG_CXX_LIBRARY = "libc++";
				CLANG_ENABLE_MODULES = YES;
				CLANG_ENABLE_OBJC_ARC = YES;
				CLANG_WARN_BLOCK_CAPTURE_AUTORELEASING = YES;
				CLANG_WARN_BOOL_CONVERSION = YES;
				CLANG_WARN_COMMA = YES;
				CLANG_WARN_CONSTANT_CONVERSION = YES;
				CLANG_WARN_DIRECT_OBJC_ISA_USAGE = YES_ERROR;
				CLANG_WARN_DOCUMENTATION_COMMENTS = YES;
				CLANG_WARN_EMPTY_BODY = YES;
				CLANG_WARN_ENUM_CONVERSION = YES;
				CLANG_WARN_INFINITE_RECURSION = YES;
				CLANG_WARN_INT_CONVERSION = YES;
				CLANG_WARN_NON_LITERAL_NULL_CONVERSION = YES;
				CLANG_WARN_OBJC_LITERAL_CONVERSION = YES;
				CLANG_WARN_OBJC_ROOT_CLASS = YES_ERROR;
				CLANG_WARN_RANGE_LOOP_ANALYSIS = YES;
				CLANG_WARN_STRICT_PROTOTYPES = YES;
				CLANG_WARN_SUSPICIOUS_MOVE = YES;
				CLANG_WARN_UNGUARDED_AVAILABILITY = YES_AGGRESSIVE;
				CLANG_WARN_UNREACHABLE_CODE = YES;
				CLANG_WARN__DUPLICATE_METHOD_MATCH = YES;
				CODE_SIGN_IDENTITY = "Mac Developer";
				COPY_PHASE_STRIP = NO;
				DEBUG_INFORMATION_FORMAT = "dwarf-with-dsym";
				ENABLE_NS_ASSERTIONS = NO;
				ENABLE_STRICT_OBJC_MSGSEND = YES;
				GCC_C_LANGUAGE_STANDARD = gnu11;
				GCC_NO_COMMON_BLOCKS = YES;
				GCC_WARN_64_TO_32_BIT_CONVERSION = YES;
				GCC_WARN_ABOUT_RETURN_TYPE = YES_ERROR;
				GCC_WARN_UNDECLARED_SELECTOR = YES;
				GCC_WARN_UNINITIALIZED_AUTOS = YES_AGGRESSIVE;
				GCC_WARN_UNUSED_FUNCTION = YES;
				GCC_WARN_UNUSED_VARIABLE = YES;
				MACOSX_DEPLOYMENT_TARGET = 10.12;
				MTL_ENABLE_DEBUG_INFO = NO;
				SDKROOT = macosx;
				SWIFT_OPTIMIZATION_LEVEL = "-Owholemodule";
			};
			name = Release;
		};
		359ADEF11FD3B26A00C37910 /* Debug */ = {
			isa = XCBuildConfiguration;
			buildSettings = {
				ALWAYS_EMBED_SWIFT_STANDARD_LIBRARIES = YES;
				ASSETCATALOG_COMPILER_APPICON_NAME = AppIcon;
				CODE_SIGN_ENTITLEMENTS = YCXcodePlugin/YCXcodePlugin.entitlements;
				CODE_SIGN_STYLE = Automatic;
				COMBINE_HIDPI_IMAGES = YES;
				DEVELOPMENT_TEAM = J4N8RS9Y8V;
				INFOPLIST_FILE = YCXcodePlugin/Info.plist;
				LD_RUNPATH_SEARCH_PATHS = "$(inherited) @executable_path/../Frameworks";
				PRODUCT_BUNDLE_IDENTIFIER = cc.onezen.YCXcodePlugin.YCXcodePlugin;
				PRODUCT_NAME = "$(TARGET_NAME)";
				SWIFT_VERSION = 4.0;
			};
			name = Debug;
		};
		359ADEF21FD3B26A00C37910 /* Release */ = {
			isa = XCBuildConfiguration;
			buildSettings = {
				ALWAYS_EMBED_SWIFT_STANDARD_LIBRARIES = YES;
				ASSETCATALOG_COMPILER_APPICON_NAME = AppIcon;
				CODE_SIGN_ENTITLEMENTS = YCXcodePlugin/YCXcodePlugin.entitlements;
				CODE_SIGN_STYLE = Automatic;
				COMBINE_HIDPI_IMAGES = YES;
				DEVELOPMENT_TEAM = J4N8RS9Y8V;
				INFOPLIST_FILE = YCXcodePlugin/Info.plist;
				LD_RUNPATH_SEARCH_PATHS = "$(inherited) @executable_path/../Frameworks";
				PRODUCT_BUNDLE_IDENTIFIER = cc.onezen.YCXcodePlugin.YCXcodePlugin;
				PRODUCT_NAME = "$(TARGET_NAME)";
				SWIFT_VERSION = 4.0;
			};
			name = Release;
		};
		359ADF061FD3B27E00C37910 /* Debug */ = {
			isa = XCBuildConfiguration;
			buildSettings = {
				CODE_SIGN_ENTITLEMENTS = YCPlugin/YCPlugin.entitlements;
				CODE_SIGN_STYLE = Automatic;
				COMBINE_HIDPI_IMAGES = YES;
				DEVELOPMENT_TEAM = J4N8RS9Y8V;
				INFOPLIST_FILE = YCPlugin/Info.plist;
				LD_RUNPATH_SEARCH_PATHS = "$(inherited) @executable_path/../Frameworks @executable_path/../../../../Frameworks";
				PRODUCT_BUNDLE_IDENTIFIER = cc.onezen.YCXcodePlugin.YCXcodePlugin.YCPlugin;
				PRODUCT_NAME = "$(TARGET_NAME)";
				SKIP_INSTALL = YES;
				SWIFT_VERSION = 4.0;
			};
			name = Debug;
		};
		359ADF071FD3B27E00C37910 /* Release */ = {
			isa = XCBuildConfiguration;
			buildSettings = {
				CODE_SIGN_ENTITLEMENTS = YCPlugin/YCPlugin.entitlements;
				CODE_SIGN_STYLE = Automatic;
				COMBINE_HIDPI_IMAGES = YES;
				DEVELOPMENT_TEAM = J4N8RS9Y8V;
				INFOPLIST_FILE = YCPlugin/Info.plist;
				LD_RUNPATH_SEARCH_PATHS = "$(inherited) @executable_path/../Frameworks @executable_path/../../../../Frameworks";
				PRODUCT_BUNDLE_IDENTIFIER = cc.onezen.YCXcodePlugin.YCXcodePlugin.YCPlugin;
				PRODUCT_NAME = "$(TARGET_NAME)";
				SKIP_INSTALL = YES;
				SWIFT_VERSION = 4.0;
			};
			name = Release;
		};
/* End XCBuildConfiguration section */

/* Begin XCConfigurationList section */
		359ADEDD1FD3B26A00C37910 /* Build configuration list for PBXProject "YCXcodePlugin" */ = {
			isa = XCConfigurationList;
			buildConfigurations = (
				359ADEEE1FD3B26A00C37910 /* Debug */,
				359ADEEF1FD3B26A00C37910 /* Release */,
			);
			defaultConfigurationIsVisible = 0;
			defaultConfigurationName = Release;
		};
		359ADEF01FD3B26A00C37910 /* Build configuration list for PBXNativeTarget "YCXcodePlugin" */ = {
			isa = XCConfigurationList;
			buildConfigurations = (
				359ADEF11FD3B26A00C37910 /* Debug */,
				359ADEF21FD3B26A00C37910 /* Release */,
			);
			defaultConfigurationIsVisible = 0;
			defaultConfigurationName = Release;
		};
		359ADF051FD3B27E00C37910 /* Build configuration list for PBXNativeTarget "YCPlugin" */ = {
			isa = XCConfigurationList;
			buildConfigurations = (
				359ADF061FD3B27E00C37910 /* Debug */,
				359ADF071FD3B27E00C37910 /* Release */,
			);
			defaultConfigurationIsVisible = 0;
			defaultConfigurationName = Release;
		};
/* End XCConfigurationList section */
	};
	rootObject = 359ADEDA1FD3B26A00C37910 /* Project object */;
}
